hash: 0927a61d2c0bff1f5c0e71275970071bd27c211eb7e13b800148a8f859ebc16e
updated: 2017-05-04T04:59:54.671820107+09:00
imports:
- name: github.com/stretchr/testify
  version: 4d4bfba8f1d1027c4fdbe371823030df51419987
  subpackages:
  - assert
- name: github.com/zetamatta/go-mbcs
  version: 0705b6a7e8c05a8d61fa5f648ea6737347b8bc96
- name: gopkg.in/yaml.v2
  version: cd8b52f8269e0feb286dfeef29f8fe4d5b397e0b
testImports:
- name: github.com/davecgh/go-spew
  version: 04cdfd42973bb9c8589fd6a731800cf222fde1a9
  subpackages:
  - spew
- name: github.com/pmezard/go-difflib
  version: d8ed2627bdf02c080bf22230dbb337003b7aba2d
  subpackages:
  - difflib
